
Microsoft Visual Studio Solution File, Format Version 12.00
# Visual Studio Version 16
VisualStudioVersion = 16.0.808.7
MinimumVisualStudioVersion = 10.0.40219.1
Project("{FAE04EC0-301F-11D3-BF4B-00C04F79EFBC}") = "piquota", "piquota.csproj", "{757B5F9C-1189-45B5-A14C-51400EF0BFBA}"
EndProject
Global
	GlobalSection(SolutionConfigurationPlatforms) = preSolution
		Debug|Any CPU = Debug|Any CPU
		Release|Any CPU = Release|Any CPU
	EndGlobalSection
	GlobalSection(ProjectConfigurationPlatforms) = postSolution
		{757B5F9C-1189-45B5-A14C-51400EF0BFBA}.Debug|Any CPU.ActiveCfg = Debug|Any CPU
		{757B5F9C-1189-45B5-A14C-51400EF0BFBA}.Debug|Any CPU.Build.0 = Debug|Any CPU
		{757B5F9C-1189-45B5-A14C-51400EF0BFBA}.Release|Any CPU.ActiveCfg = Release|Any CPU
		{757B5F9C-1189-45B5-A14C-51400EF0BFBA}.Release|Any CPU.Build.0 = Release|Any CPU
	EndGlobalSection
	GlobalSection(SolutionProperties) = preSolution
		HideSolutionNode = FALSE
	EndGlobalSection
	GlobalSection(ExtensibilityGlobals) = postSolution
		SolutionGuid = {6DED1D19-48CB-4FEB-B090-A92A3BC1701E}
	EndGlobalSection
EndGlobal
